// !$*UTF8*$!
{
	archiveVersion = 1;
	classes = {
	};
	objectVersion = 48;
	objects = {

/* Begin PBXBuildFile section */
		2CDE94A4208A091000C34F1D /* AppDelegate.swift in Sources */ = {isa = PBXBuildFile; fileRef = 2CDE94A3208A091000C34F1D /* AppDelegate.swift */; };
		2CDE94A6208A091000C34F1D /* ViewController.swift in Sources */ = {isa = PBXBuildFile; fileRef = 2CDE94A5208A091000C34F1D /* ViewController.swift */; };
		2CDE94A9208A091000C34F1D /* Main.storyboard in Resources */ = {isa = PBXBuildFile; fileRef = 2CDE94A7208A091000C34F1D /* Main.storyboard */; };
		2CDE94AB208A091000C34F1D /* Assets.xcassets in Resources */ = {isa = PBXBuildFile; fileRef = 2CDE94AA208A091000C34F1D /* Assets.xcassets */; };
		2CDE94AE208A091000C34F1D /* LaunchScreen.storyboard in Resources */ = {isa = PBXBuildFile; fileRef = 2CDE94AC208A091000C34F1D /* LaunchScreen.storyboard */; };
		2CDE94B9208A091000C34F1D /* MapTests.swift in Sources */ = {isa = PBXBuildFile; fileRef = 2CDE94B8208A091000C34F1D /* MapTests.swift */; };
		2CDE94C4208A091000C34F1D /* MapUITests.swift in Sources */ = {isa = PBXBuildFile; fileRef = 2CDE94C3208A091000C34F1D /* MapUITests.swift */; };
		2CDE94D2208A24DC00C34F1D /* Place.swift in Sources */ = {isa = PBXBuildFile; fileRef = 2CDE94D1208A24DC00C34F1D /* Place.swift */; };
/* End PBXBuildFile section */

/* Begin PBXContainerItemProxy section */
		2CDE94B5208A091000C34F1D /* PBXContainerItemProxy */ = {
			isa = PBXContainerItemProxy;
			containerPortal = 2CDE9498208A091000C34F1D /* Project object */;
			proxyType = 1;
			remoteGlobalIDString = 2CDE949F208A091000C34F1D;
			remoteInfo = Map;
		};
		2CDE94C0208A091000C34F1D /* PBXContainerItemProxy */ = {
			isa = PBXContainerItemProxy;
			containerPortal = 2CDE9498208A091000C34F1D /* Project object */;
			proxyType = 1;
			remoteGlobalIDString = 2CDE949F208A091000C34F1D;
			remoteInfo = Map;
		};
/* End PBXContainerItemProxy section */

/* Begin PBXFileReference section */
		2CDE94A0208A091000C34F1D /* Map.app */ = {isa = PBXFileReference; explicitFileType = wrapper.application; includeInIndex = 0; path = Map.app; sourceTree = BUILT_PRODUCTS_DIR; };
		2CDE94A3208A091000C34F1D /* AppDelegate.swift */ = {isa = PBXFileReference; lastKnownFileType = sourcecode.swift; path = AppDelegate.swift; sourceTree = "<group>"; };
		2CDE94A5208A091000C34F1D /* ViewController.swift */ = {isa = PBXFileReference; lastKnownFileType = sourcecode.swift; path = ViewController.swift; sourceTree = "<group>"; };
		2CDE94A8208A091000C34F1D /* Base */ = {isa = PBXFileReference; lastKnownFileType = file.storyboard; name = Base; path = Base.lproj/Main.storyboard; sourceTree = "<group>"; };
		2CDE94AA208A091000C34F1D /* Assets.xcassets */ = {isa = PBXFileReference; lastKnownFileType = folder.assetcatalog; path = Assets.xcassets; sourceTree = "<group>"; };
		2CDE94AD208A091000C34F1D /* Base */ = {isa = PBXFileReference; lastKnownFileType = file.storyboard; name = Base; path = Base.lproj/LaunchScreen.storyboard; sourceTree = "<group>"; };
		2CDE94AF208A091000C34F1D /* Info.plist */ = {isa = PBXFileReference; lastKnownFileType = text.plist.xml; path = Info.plist; sourceTree = "<group>"; };
		2CDE94B4208A091000C34F1D /* MapTests.xctest */ = {isa = PBXFileReference; explicitFileType = wrapper.cfbundle; includeInIndex = 0; path = MapTests.xctest; sourceTree = BUILT_PRODUCTS_DIR; };
		2CDE94B8208A091000C34F1D /* MapTests.swift */ = {isa = PBXFileReference; lastKnownFileType = sourcecode.swift; path = MapTests.swift; sourceTree = "<group>"; };
		2CDE94BA208A091000C34F1D /* Info.plist */ = {isa = PBXFileReference; lastKnownFileType = text.plist.xml; path = Info.plist; sourceTree = "<group>"; };
		2CDE94BF208A091000C34F1D /* MapUITests.xctest */ = {isa = PBXFileReference; explicitFileType = wrapper.cfbundle; includeInIndex = 0; path = MapUITests.xctest; sourceTree = BUILT_PRODUCTS_DIR; };
		2CDE94C3208A091000C34F1D /* MapUITests.swift */ = {isa = PBXFileReference; lastKnownFileType = sourcecode.swift; path = MapUITests.swift; sourceTree = "<group>"; };
		2CDE94C5208A091000C34F1D /* Info.plist */ = {isa = PBXFileReference; lastKnownFileType = text.plist.xml; path = Info.plist; sourceTree = "<group>"; };
		2CDE94D1208A24DC00C34F1D /* Place.swift */ = {isa = PBXFileReference; lastKnownFileType = sourcecode.swift; path = Place.swift; sourceTree = "<group>"; };
/* End PBXFileReference section */

/* Begin PBXFrameworksBuildPhase section */
		2CDE949D208A091000C34F1D /* Frameworks */ = {
			isa = PBXFrameworksBuildPhase;
			buildActionMask = 2147483647;
			files = (
			);
			runOnlyForDeploymentPostprocessing = 0;
		};
		2CDE94B1208A091000C34F1D /* Frameworks */ = {
			isa = PBXFrameworksBuildPhase;
			buildActionMask = 2147483647;
			files = (
			);
			runOnlyForDeploymentPostprocessing = 0;
		};
		2CDE94BC208A091000C34F1D /* Frameworks */ = {
			isa = PBXFrameworksBuildPhase;
			buildActionMask = 2147483647;
			files = (
			);
			runOnlyForDeploymentPostprocessing = 0;
		};
/* End PBXFrameworksBuildPhase section */

/* Begin PBXGroup section */
		2CDE9497208A091000C34F1D = {
			isa = PBXGroup;
			children = (
				2CDE94A2208A091000C34F1D /* Map */,
				2CDE94B7208A091000C34F1D /* MapTests */,
				2CDE94C2208A091000C34F1D /* MapUITests */,
				2CDE94A1208A091000C34F1D /* Products */,
			);
			sourceTree = "<group>";
		};
		2CDE94A1208A091000C34F1D /* Products */ = {
			isa = PBXGroup;
			children = (
				2CDE94A0208A091000C34F1D /* Map.app */,
				2CDE94B4208A091000C34F1D /* MapTests.xctest */,
				2CDE94BF208A091000C34F1D /* MapUITests.xctest */,
			);
			name = Products;
			sourceTree = "<group>";
		};
		2CDE94A2208A091000C34F1D /* Map */ = {
			isa = PBXGroup;
			children = (
				2CDE94A3208A091000C34F1D /* AppDelegate.swift */,
				2CDE94A5208A091000C34F1D /* ViewController.swift */,
				2CDE94A7208A091000C34F1D /* Main.storyboard */,
				2CDE94D1208A24DC00C34F1D /* Place.swift */,
				2CDE94AA208A091000C34F1D /* Assets.xcassets */,
				2CDE94AC208A091000C34F1D /* LaunchScreen.storyboard */,
				2CDE94AF208A091000C34F1D /* Info.plist */,
			);
			path = Map;
			sourceTree = "<group>";
		};
		2CDE94B7208A091000C34F1D /* MapTests */ = {
			isa = PBXGroup;
			children = (
				2CDE94B8208A091000C34F1D /* MapTests.swift */,
				2CDE94BA208A091000C34F1D /* Info.plist */,
			);
			path = MapTests;
			sourceTree = "<group>";
		};
		2CDE94C2208A091000C34F1D /* MapUITests */ = {
			isa = PBXGroup;
			children = (
				2CDE94C3208A091000C34F1D /* MapUITests.swift */,
				2CDE94C5208A091000C34F1D /* Info.plist */,
			);
			path = MapUITests;
			sourceTree = "<group>";
		};
/* End PBXGroup section */

/* Begin PBXNativeTarget section */
		2CDE949F208A091000C34F1D /* Map */ = {
			isa = PBXNativeTarget;
			buildConfigurationList = 2CDE94C8208A091000C34F1D /* Build configuration list for PBXNativeTarget "Map" */;
			buildPhases = (
				2CDE949C208A091000C34F1D /* Sources */,
				2CDE949D208A091000C34F1D /* Frameworks */,
				2CDE949E208A091000C34F1D /* Resources */,
			);
			buildRules = (
			);
			dependencies = (
			);
			name = Map;
			productName = Map;
			productReference = 2CDE94A0208A091000C34F1D /* Map.app */;
			productType = "com.apple.product-type.application";
		};
		2CDE94B3208A091000C34F1D /* MapTests */ = {
			isa = PBXNativeTarget;
			buildConfigurationList = 2CDE94CB208A091000C34F1D /* Build configuration list for PBXNativeTarget "MapTests" */;
			buildPhases = (
				2CDE94B0208A091000C34F1D /* Sources */,
				2CDE94B1208A091000C34F1D /* Frameworks */,
				2CDE94B2208A091000C34F1D /* Resources */,
			);
			buildRules = (
			);
			dependencies = (
				2CDE94B6208A091000C34F1D /* PBXTargetDependency */,
			);
			name = MapTests;
			productName = MapTests;
			productReference = 2CDE94B4208A091000C34F1D /* MapTests.xctest */;
			productType = "com.apple.product-type.bundle.unit-test";
		};
		2CDE94BE208A091000C34F1D /* MapUITests */ = {
			isa = PBXNativeTarget;
			buildConfigurationList = 2CDE94CE208A091000C34F1D /* Build configuration list for PBXNativeTarget "MapUITests" */;
			buildPhases = (
				2CDE94BB208A091000C34F1D /* Sources */,
				2CDE94BC208A091000C34F1D /* Frameworks */,
				2CDE94BD208A091000C34F1D /* Resources */,
			);
			buildRules = (
			);
			dependencies = (
				2CDE94C1208A091000C34F1D /* PBXTargetDependency */,
			);
			name = MapUITests;
			productName = MapUITests;
			productReference = 2CDE94BF208A091000C34F1D /* MapUITests.xctest */;
			productType = "com.apple.product-type.bundle.ui-testing";
		};
/* End PBXNativeTarget section */

/* Begin PBXProject section */
		2CDE9498208A091000C34F1D /* Project object */ = {
			isa = PBXProject;
			attributes = {
				LastSwiftUpdateCheck = 0920;
				LastUpgradeCheck = 0920;
				ORGANIZATIONNAME = centennialcollege;
				TargetAttributes = {
					2CDE949F208A091000C34F1D = {
						CreatedOnToolsVersion = 9.2;
						ProvisioningStyle = Automatic;
					};
					2CDE94B3208A091000C34F1D = {
						CreatedOnToolsVersion = 9.2;
						ProvisioningStyle = Automatic;
						TestTargetID = 2CDE949F208A091000C34F1D;
					};
					2CDE94BE208A091000C34F1D = {
						CreatedOnToolsVersion = 9.2;
						ProvisioningStyle = Automatic;
						TestTargetID = 2CDE949F208A091000C34F1D;
					};
				};
			};
			buildConfigurationList = 2CDE949B208A091000C34F1D /* Build configuration list for PBXProject "Map" */;
			compatibilityVersion = "Xcode 8.0";
			developmentRegion = en;
			hasScannedForEncodings = 0;
			knownRegions = (
				en,
				Base,
			);
			mainGroup = 2CDE9497208A091000C34F1D;
			productRefGroup = 2CDE94A1208A091000C34F1D /* Products */;
			projectDirPath = "";
			projectRoot = "";
			targets = (
				2CDE949F208A091000C34F1D /* Map */,
				2CDE94B3208A091000C34F1D /* MapTests */,
				2CDE94BE208A091000C34F1D /* MapUITests */,
			);
		};
/* End PBXProject section */

/* Begin PBXResourcesBuildPhase section */
		2CDE949E208A091000C34F1D /* Resources */ = {
			isa = PBXResourcesBuildPhase;
			buildActionMask = 2147483647;
			files = (
				2CDE94AE208A091000C34F1D /* LaunchScreen.storyboard in Resources */,
				2CDE94AB208A091000C34F1D /* Assets.xcassets in Resources */,
				2CDE94A9208A091000C34F1D /* Main.storyboard in Resources */,
			);
			runOnlyForDeploymentPostprocessing = 0;
		};
		2CDE94B2208A091000C34F1D /* Resources */ = {
			isa = PBXResourcesBuildPhase;
			buildActionMask = 2147483647;
			files = (
			);
			runOnlyForDeploymentPostprocessing = 0;
		};
		2CDE94BD208A091000C34F1D /* Resources */ = {
			isa = PBXResourcesBuildPhase;
			buildActionMask = 2147483647;
			files = (
			);
			runOnlyForDeploymentPostprocessing = 0;
		};
/* End PBXResourcesBuildPhase section */

/* Begin PBXSourcesBuildPhase section */
		2CDE949C208A091000C34F1D /* Sources */ = {
			isa = PBXSourcesBuildPhase;
			buildActionMask = 2147483647;
			files = (
				2CDE94D2208A24DC00C34F1D /* Place.swift in Sources */,
				2CDE94A6208A091000C34F1D /* ViewController.swift in Sources */,
				2CDE94A4208A091000C34F1D /* AppDelegate.swift in Sources */,
			);
			runOnlyForDeploymentPostprocessing = 0;
		};
		2CDE94B0208A091000C34F1D /* Sources */ = {
			isa = PBXSourcesBuildPhase;
			buildActionMask = 2147483647;
			files = (
				2CDE94B9208A091000C34F1D /* MapTests.swift in Sources */,
			);
			runOnlyForDeploymentPostprocessing = 0;
		};
		2CDE94BB208A091000C34F1D /* Sources */ = {
			isa = PBXSourcesBuildPhase;
			buildActionMask = 2147483647;
			files = (
				2CDE94C4208A091000C34F1D /* MapUITests.swift in Sources */,
			);
			runOnlyForDeploymentPostprocessing = 0;
		};
/* End PBXSourcesBuildPhase section */

/* Begin PBXTargetDependency section */
		2CDE94B6208A091000C34F1D /* PBXTargetDependency */ = {
			isa = PBXTargetDependency;
			target = 2CDE949F208A091000C34F1D /* Map */;
			targetProxy = 2CDE94B5208A091000C34F1D /* PBXContainerItemProxy */;
		};
		2CDE94C1208A091000C34F1D /* PBXTargetDependency */ = {
			isa = PBXTargetDependency;
			target = 2CDE949F208A091000C34F1D /* Map */;
			targetProxy = 2CDE94C0208A091000C34F1D /* PBXContainerItemProxy */;
		};
/* End PBXTargetDependency section */

/* Begin PBXVariantGroup section */
		2CDE94A7208A091000C34F1D /* Main.storyboard */ = {
			isa = PBXVariantGroup;
			children = (
				2CDE94A8208A091000C34F1D /* Base */,
			);
			name = Main.storyboard;
			sourceTree = "<group>";
		};
		2CDE94AC208A091000C34F1D /* LaunchScreen.storyboard */ = {
			isa = PBXVariantGroup;
			children = (
				2CDE94AD208A091000C34F1D /* Base */,
			);
			name = LaunchScreen.storyboard;
			sourceTree = "<group>";
		};
/* End PBXVariantGroup section */

/* Begin XCBuildConfiguration section */
		2CDE94C6208A091000C34F1D /* Debug */ = {
			isa = XCBuildConfiguration;
			buildSettings = {
				ALWAYS_SEARCH_USER_PATHS = NO;
				CLANG_ANALYZER_NONNULL = YES;
				CLANG_ANALYZER_NUMBER_OBJECT_CONVERSION = YES_AGGRESSIVE;
				CLANG_CXX_LANGUAGE_STANDARD = "gnu++14";
				CLANG_CXX_LIBRARY = "libc++";
				CLANG_ENABLE_MODULES = YES;
				CLANG_ENABLE_OBJC_ARC = YES;
				CLANG_WARN_BLOCK_CAPTURE_AUTORELEASING = YES;
				CLANG_WARN_BOOL_CONVERSION = YES;
				CLANG_WARN_COMMA = YES;
				CLANG_WARN_CONSTANT_CONVERSION = YES;
				CLANG_WARN_DIRECT_OBJC_ISA_USAGE = YES_ERROR;
				CLANG_WARN_DOCUMENTATION_COMMENTS = YES;
				CLANG_WARN_EMPTY_BODY = YES;
				CLANG_WARN_ENUM_CONVERSION = YES;
				CLANG_WARN_INFINITE_RECURSION = YES;
				CLANG_WARN_INT_CONVERSION = YES;
				CLANG_WARN_NON_LITERAL_NULL_CONVERSION = YES;
				CLANG_WARN_OBJC_LITERAL_CONVERSION = YES;
				CLANG_WARN_OBJC_ROOT_CLASS = YES_ERROR;
				CLANG_WARN_RANGE_LOOP_ANALYSIS = YES;
				CLANG_WARN_STRICT_PROTOTYPES = YES;
				CLANG_WARN_SUSPICIOUS_MOVE = YES;
				CLANG_WARN_UNGUARDED_AVAILABILITY = YES_AGGRESSIVE;
				CLANG_WARN_UNREACHABLE_CODE = YES;
				CLANG_WARN__DUPLICATE_METHOD_MATCH = YES;
				CODE_SIGN_IDENTITY = "iPhone Developer";
				COPY_PHASE_STRIP = NO;
				DEBUG_INFORMATION_FORMAT = dwarf;
				ENABLE_STRICT_OBJC_MSGSEND = YES;
				ENABLE_TESTABILITY = YES;
				GCC_C_LANGUAGE_STANDARD = gnu11;
				GCC_DYNAMIC_NO_PIC = NO;
				GCC_NO_COMMON_BLOCKS = YES;
				GCC_OPTIMIZATION_LEVEL = 0;
				GCC_PREPROCESSOR_DEFINITIONS = (
					"DEBUG=1",
					"$(inherited)",
				);
				GCC_WARN_64_TO_32_BIT_CONVERSION = YES;
				GCC_WARN_ABOUT_RETURN_TYPE = YES_ERROR;
				GCC_WARN_UNDECLARED_SELECTOR = YES;
				GCC_WARN_UNINITIALIZED_AUTOS = YES_AGGRESSIVE;
				GCC_WARN_UNUSED_FUNCTION = YES;
				GCC_WARN_UNUSED_VARIABLE = YES;
				IPHONEOS_DEPLOYMENT_TARGET = 11.2;
				MTL_ENABLE_DEBUG_INFO = YES;
				ONLY_ACTIVE_ARCH = YES;
				SDKROOT = iphoneos;
				SWIFT_ACTIVE_COMPILATION_CONDITIONS = DEBUG;
				SWIFT_OPTIMIZATION_LEVEL = "-Onone";
			};
			name = Debug;
		};
		2CDE94C7208A091000C34F1D /* Release */ = {
			isa = XCBuildConfiguration;
			buildSettings = {
				ALWAYS_SEARCH_USER_PATHS = NO;
				CLANG_ANALYZER_NONNULL = YES;
				CLANG_ANALYZER_NUMBER_OBJECT_CONVERSION = YES_AGGRESSIVE;
				CLANG_CXX_LANGUAGE_STANDARD = "gnu++14";
				CLANG_CXX_LIBRARY = "libc++";
				CLANG_ENABLE_MODULES = YES;
				CLANG_ENABLE_OBJC_ARC = YES;
				CLANG_WARN_BLOCK_CAPTURE_AUTORELEASING = YES;
				CLANG_WARN_BOOL_CONVERSION = YES;
				CLANG_WARN_COMMA = YES;
				CLANG_WARN_CONSTANT_CONVERSION = YES;
				CLANG_WARN_DIRECT_OBJC_ISA_USAGE = YES_ERROR;
				CLANG_WARN_DOCUMENTATION_COMMENTS = YES;
				CLANG_WARN_EMPTY_BODY = YES;
				CLANG_WARN_ENUM_CONVERSION = YES;
				CLANG_WARN_INFINITE_RECURSION = YES;
				CLANG_WARN_INT_CONVERSION = YES;
				CLANG_WARN_NON_LITERAL_NULL_CONVERSION = YES;
				CLANG_WARN_OBJC_LITERAL_CONVERSION = YES;
				CLANG_WARN_OBJC_ROOT_CLASS = YES_ERROR;
				CLANG_WARN_RANGE_LOOP_ANALYSIS = YES;
				CLANG_WARN_STRICT_PROTOTYPES = YES;
				CLANG_WARN_SUSPICIOUS_MOVE = YES;
				CLANG_WARN_UNGUARDED_AVAILABILITY = YES_AGGRESSIVE;
				CLANG_WARN_UNREACHABLE_CODE = YES;
				CLANG_WARN__DUPLICATE_METHOD_MATCH = YES;
				CODE_SIGN_IDENTITY = "iPhone Developer";
				COPY_PHASE_STRIP = NO;
				DEBUG_INFORMATION_FORMAT = "dwarf-with-dsym";
				ENABLE_NS_ASSERTIONS = NO;
				ENABLE_STRICT_OBJC_MSGSEND = YES;
				GCC_C_LANGUAGE_STANDARD = gnu11;
				GCC_NO_COMMON_BLOCKS = YES;
				GCC_WARN_64_TO_32_BIT_CONVERSION = YES;
				GCC_WARN_ABOUT_RETURN_TYPE = YES_ERROR;
				GCC_WARN_UNDECLARED_SELECTOR = YES;
				GCC_WARN_UNINITIALIZED_AUTOS = YES_AGGRESSIVE;
				GCC_WARN_UNUSED_FUNCTION = YES;
				GCC_WARN_UNUSED_VARIABLE = YES;
				IPHONEOS_DEPLOYMENT_TARGET = 11.2;
				MTL_ENABLE_DEBUG_INFO = NO;
				SDKROOT = iphoneos;
				SWIFT_OPTIMIZATION_LEVEL = "-Owholemodule";
				VALIDATE_PRODUCT = YES;
			};
			name = Release;
		};
		2CDE94C9208A091000C34F1D /* Debug */ = {
			isa = XCBuildConfiguration;
			buildSettings = {
				ASSETCATALOG_COMPILER_APPICON_NAME = AppIcon;
				CODE_SIGN_STYLE = Automatic;
				DEVELOPMENT_TEAM = 2BULHRS882;
				INFOPLIST_FILE = Map/Info.plist;
				LD_RUNPATH_SEARCH_PATHS = "$(inherited) @executable_path/Frameworks";
				PRODUCT_BUNDLE_IDENTIFIER = ca.centennialcollege.Map;
				PRODUCT_NAME = "$(TARGET_NAME)";
				SWIFT_VERSION = 4.0;
				TARGETED_DEVICE_FAMILY = "1,2";
			};
			name = Debug;
		};
		2CDE94CA208A091000C34F1D /* Release */ = {
			isa = XCBuildConfiguration;
			buildSettings = {
				ASSETCATALOG_COMPILER_APPICON_NAME = AppIcon;
				CODE_SIGN_STYLE = Automatic;
				DEVELOPMENT_TEAM = 2BULHRS882;
				INFOPLIST_FILE = Map/Info.plist;
				LD_RUNPATH_SEARCH_PATHS = "$(inherited) @executable_path/Frameworks";
				PRODUCT_BUNDLE_IDENTIFIER = ca.centennialcollege.Map;
				PRODUCT_NAME = "$(TARGET_NAME)";
				SWIFT_VERSION = 4.0;
				TARGETED_DEVICE_FAMILY = "1,2";
			};
			name = Release;
		};
		2CDE94CC208A091000C34F1D /* Debug */ = {
			isa = XCBuildConfiguration;
			buildSettings = {
				ALWAYS_EMBED_SWIFT_STANDARD_LIBRARIES = YES;
				BUNDLE_LOADER = "$(TEST_HOST)";
				CODE_SIGN_STYLE = Automatic;
				DEVELOPMENT_TEAM = 2BULHRS882;
				INFOPLIST_FILE = MapTests/Info.plist;
				LD_RUNPATH_SEARCH_PATHS = "$(inherited) @executable_path/Frameworks @loader_path/Frameworks";
				PRODUCT_BUNDLE_IDENTIFIER = ca.centennialcollege.MapTests;
				PRODUCT_NAME = "$(TARGET_NAME)";
				SWIFT_VERSION = 4.0;
				TARGETED_DEVICE_FAMILY = "1,2";
				TEST_HOST = "$(BUILT_PRODUCTS_DIR)/Map.app/Map";
			};
			name = Debug;
		};
		2CDE94CD208A091000C34F1D /* Release */ = {
			isa = XCBuildConfiguration;
			buildSettings = {
				ALWAYS_EMBED_SWIFT_STANDARD_LIBRARIES = YES;
				BUNDLE_LOADER = "$(TEST_HOST)";
				CODE_SIGN_STYLE = Automatic;
				DEVELOPMENT_TEAM = 2BULHRS882;
				INFOPLIST_FILE = MapTests/Info.plist;
				LD_RUNPATH_SEARCH_PATHS = "$(inherited) @executable_path/Frameworks @loader_path/Frameworks";
				PRODUCT_BUNDLE_IDENTIFIER = ca.centennialcollege.MapTests;
				PRODUCT_NAME = "$(TARGET_NAME)";
				SWIFT_VERSION = 4.0;
				TARGETED_DEVICE_FAMILY = "1,2";
				TEST_HOST = "$(BUILT_PRODUCTS_DIR)/Map.app/Map";
			};
			name = Release;
		};
		2CDE94CF208A091000C34F1D /* Debug */ = {
			isa = XCBuildConfiguration;
			buildSettings = {
				ALWAYS_EMBED_SWIFT_STANDARD_LIBRARIES = YES;
				CODE_SIGN_STYLE = Automatic;
				DEVELOPMENT_TEAM = 2BULHRS882;
				INFOPLIST_FILE = MapUITests/Info.plist;
				LD_RUNPATH_SEARCH_PATHS = "$(inherited) @executable_path/Frameworks @loader_path/Frameworks";
				PRODUCT_BUNDLE_IDENTIFIER = ca.centennialcollege.MapUITests;
				PRODUCT_NAME = "$(TARGET_NAME)";
				SWIFT_VERSION = 4.0;
				TARGETED_DEVICE_FAMILY = "1,2";
				TEST_TARGET_NAME = Map;
			};
			name = Debug;
		};
		2CDE94D0208A091000C34F1D /* Release */ = {
			isa = XCBuildConfiguration;
			buildSettings = {
				ALWAYS_EMBED_SWIFT_STANDARD_LIBRARIES = YES;
				CODE_SIGN_STYLE = Automatic;
				DEVELOPMENT_TEAM = 2BULHRS882;
				INFOPLIST_FILE = MapUITests/Info.plist;
				LD_RUNPATH_SEARCH_PATHS = "$(inherited) @executable_path/Frameworks @loader_path/Frameworks";
				PRODUCT_BUNDLE_IDENTIFIER = ca.centennialcollege.MapUITests;
				PRODUCT_NAME = "$(TARGET_NAME)";
				SWIFT_VERSION = 4.0;
				TARGETED_DEVICE_FAMILY = "1,2";
				TEST_TARGET_NAME = Map;
			};
			name = Release;
		};
/* End XCBuildConfiguration section */

/* Begin XCConfigurationList section */
		2CDE949B208A091000C34F1D /* Build configuration list for PBXProject "Map" */ = {
			isa = XCConfigurationList;
			buildConfigurations = (
				2CDE94C6208A091000C34F1D /* Debug */,
				2CDE94C7208A091000C34F1D /* Release */,
			);
			defaultConfigurationIsVisible = 0;
			defaultConfigurationName = Release;
		};
		2CDE94C8208A091000C34F1D /* Build configuration list for PBXNativeTarget "Map" */ = {
			isa = XCConfigurationList;
			buildConfigurations = (
				2CDE94C9208A091000C34F1D /* Debug */,
				2CDE94CA208A091000C34F1D /* Release */,
			);
			defaultConfigurationIsVisible = 0;
			defaultConfigurationName = Release;
		};
		2CDE94CB208A091000C34F1D /* Build configuration list for PBXNativeTarget "MapTests" */ = {
			isa = XCConfigurationList;
			buildConfigurations = (
				2CDE94CC208A091000C34F1D /* Debug */,
				2CDE94CD208A091000C34F1D /* Release */,
			);
			defaultConfigurationIsVisible = 0;
			defaultConfigurationName = Release;
		};
		2CDE94CE208A091000C34F1D /* Build configuration list for PBXNativeTarget "MapUITests" */ = {
			isa = XCConfigurationList;
			buildConfigurations = (
				2CDE94CF208A091000C34F1D /* Debug */,
				2CDE94D0208A091000C34F1D /* Release */,
			);
			defaultConfigurationIsVisible = 0;
			defaultConfigurationName = Release;
		};
/* End XCConfigurationList section */
	};
	rootObject = 2CDE9498208A091000C34F1D /* Project object */;
}
